
Microsoft Visual Studio Solution File, Format Version 12.00
# Visual Studio Version 16
VisualStudioVersion = 16.0.33214.272
MinimumVisualStudioVersion = 10.0.40219.1
Project("{FAE04EC0-301F-11D3-BF4B-00C04F79EFBC}") = "WpfAppTest", "WpfAppTest.csproj", "{243339CC-8FFE-4949-B4D4-0952B55C6A43}"
EndProject
Project("{8BC9CEB8-8B4A-11D0-8D11-00A0C91BC942}") = "MFCLibraryNativeTest", "..\MFCLibraryNativeTest\MFCLibraryNativeTest.vcxproj", "{12A16AC6-17F6-4B37-B4C8-848E86DB6530}"
EndProject
Project("{8BC9CEB8-8B4A-11D0-8D11-00A0C91BC942}") = "WrapperTest", "..\WrapperTest\WrapperTest.vcxproj", "{9685EEC5-C543-4B1D-B868-117A8ED90D92}"
EndProject
Global
	GlobalSection(SolutionConfigurationPlatforms) = preSolution
		Debug|Any CPU = Debug|Any CPU
		Debug|x64 = Debug|x64
		Debug|x86 = Debug|x86
		Release|Any CPU = Release|Any CPU
		Release|x64 = Release|x64
		Release|x86 = Release|x86
	EndGlobalSection
	GlobalSection(ProjectConfigurationPlatforms) = postSolution
		{243339CC-8FFE-4949-B4D4-0952B55C6A43}.Debug|Any CPU.ActiveCfg = Debug|Any CPU
		{243339CC-8FFE-4949-B4D4-0952B55C6A43}.Debug|Any CPU.Build.0 = Debug|Any CPU
		{243339CC-8FFE-4949-B4D4-0952B55C6A43}.Debug|x64.ActiveCfg = Debug|Any CPU
		{243339CC-8FFE-4949-B4D4-0952B55C6A43}.Debug|x64.Build.0 = Debug|Any CPU
		{243339CC-8FFE-4949-B4D4-0952B55C6A43}.Debug|x86.ActiveCfg = Debug|Any CPU
		{243339CC-8FFE-4949-B4D4-0952B55C6A43}.Debug|x86.Build.0 = Debug|Any CPU
		{243339CC-8FFE-4949-B4D4-0952B55C6A43}.Release|Any CPU.ActiveCfg = Release|Any CPU
		{243339CC-8FFE-4949-B4D4-0952B55C6A43}.Release|Any CPU.Build.0 = Release|Any CPU
		{243339CC-8FFE-4949-B4D4-0952B55C6A43}.Release|x64.ActiveCfg = Release|Any CPU
		{243339CC-8FFE-4949-B4D4-0952B55C6A43}.Release|x64.Build.0 = Release|Any CPU
		{243339CC-8FFE-4949-B4D4-0952B55C6A43}.Release|x86.ActiveCfg = Release|Any CPU
		{243339CC-8FFE-4949-B4D4-0952B55C6A43}.Release|x86.Build.0 = Release|Any CPU
		{12A16AC6-17F6-4B37-B4C8-848E86DB6530}.Debug|Any CPU.ActiveCfg = Debug|Win32
		{12A16AC6-17F6-4B37-B4C8-848E86DB6530}.Debug|x64.ActiveCfg = Debug|x64
		{12A16AC6-17F6-4B37-B4C8-848E86DB6530}.Debug|x64.Build.0 = Debug|x64
		{12A16AC6-17F6-4B37-B4C8-848E86DB6530}.Debug|x86.ActiveCfg = Debug|Win32
		{12A16AC6-17F6-4B37-B4C8-848E86DB6530}.Debug|x86.Build.0 = Debug|Win32
		{12A16AC6-17F6-4B37-B4C8-848E86DB6530}.Release|Any CPU.ActiveCfg = Release|Win32
		{12A16AC6-17F6-4B37-B4C8-848E86DB6530}.Release|x64.ActiveCfg = Release|x64
		{12A16AC6-17F6-4B37-B4C8-848E86DB6530}.Release|x64.Build.0 = Release|x64
		{12A16AC6-17F6-4B37-B4C8-848E86DB6530}.Release|x86.ActiveCfg = Release|Win32
		{12A16AC6-17F6-4B37-B4C8-848E86DB6530}.Release|x86.Build.0 = Release|Win32
		{9685EEC5-C543-4B1D-B868-117A8ED90D92}.Debug|Any CPU.ActiveCfg = Debug|Win32
		{9685EEC5-C543-4B1D-B868-117A8ED90D92}.Debug|x64.ActiveCfg = Debug|x64
		{9685EEC5-C543-4B1D-B868-117A8ED90D92}.Debug|x64.Build.0 = Debug|x64
		{9685EEC5-C543-4B1D-B868-117A8ED90D92}.Debug|x86.ActiveCfg = Debug|Win32
		{9685EEC5-C543-4B1D-B868-117A8ED90D92}.Debug|x86.Build.0 = Debug|Win32
		{9685EEC5-C543-4B1D-B868-117A8ED90D92}.Release|Any CPU.ActiveCfg = Release|Win32
		{9685EEC5-C543-4B1D-B868-117A8ED90D92}.Release|x64.ActiveCfg = Release|x64
		{9685EEC5-C543-4B1D-B868-117A8ED90D92}.Release|x64.Build.0 = Release|x64
		{9685EEC5-C543-4B1D-B868-117A8ED90D92}.Release|x86.ActiveCfg = Release|Win32
		{9685EEC5-C543-4B1D-B868-117A8ED90D92}.Release|x86.Build.0 = Release|Win32
	EndGlobalSection
	GlobalSection(SolutionProperties) = preSolution
		HideSolutionNode = FALSE
	EndGlobalSection
	GlobalSection(ExtensibilityGlobals) = postSolution
		SolutionGuid = {6B86608C-9EEF-47B6-9B03-B14EEFDD88F3}
	EndGlobalSection
EndGlobal
